Microsoft Visual Studio Solution File, Format Version 11.00
# Visual Studio 2008

Project("{C445AAE1-E549-4478-98CF-CA9DC2DBD7C6}") = "Play2Win", "Assembly-CSharp-firstpass-vs.csproj", "{28C797FD-F50B-5251-FB86-A317E6F98E05}"
EndProject
Project("{C445AAE1-E549-4478-98CF-CA9DC2DBD7C6}") = "Play2Win", "Assembly-CSharp-vs.csproj", "{BD5B124C-D5B3-D305-6460-C8F161AFCF3B}"
EndProject
Project("{C445AAE1-E549-4478-98CF-CA9DC2DBD7C6}") = "Play2Win", "Assembly-CSharp-Editor-vs.csproj", "{9BE54EE5-AAA5-0244-B300-9B9F69F8A4AD}"
EndProject
Global
	GlobalSection(SolutionConfigurationPlatforms) = preSolution
		Debug|Any CPU = Debug|Any CPU
		Release|Any CPU = Release|Any CPU
	EndGlobalSection
	GlobalSection(ProjectConfigurationPlatforms) = postSolution
		{28C797FD-F50B-5251-FB86-A317E6F98E05}.Debug|Any CPU.ActiveCfg = Debug|Any CPU
		{28C797FD-F50B-5251-FB86-A317E6F98E05}.Debug|Any CPU.Build.0 = Debug|Any CPU
		{28C797FD-F50B-5251-FB86-A317E6F98E05}.Release|Any CPU.ActiveCfg = Release|Any CPU
		{28C797FD-F50B-5251-FB86-A317E6F98E05}.Release|Any CPU.Build.0 = Release|Any CPU
		{BD5B124C-D5B3-D305-6460-C8F161AFCF3B}.Debug|Any CPU.ActiveCfg = Debug|Any CPU
		{BD5B124C-D5B3-D305-6460-C8F161AFCF3B}.Debug|Any CPU.Build.0 = Debug|Any CPU
		{BD5B124C-D5B3-D305-6460-C8F161AFCF3B}.Release|Any CPU.ActiveCfg = Release|Any CPU
		{BD5B124C-D5B3-D305-6460-C8F161AFCF3B}.Release|Any CPU.Build.0 = Release|Any CPU
		{9BE54EE5-AAA5-0244-B300-9B9F69F8A4AD}.Debug|Any CPU.ActiveCfg = Debug|Any CPU
		{9BE54EE5-AAA5-0244-B300-9B9F69F8A4AD}.Debug|Any CPU.Build.0 = Debug|Any CPU
		{9BE54EE5-AAA5-0244-B300-9B9F69F8A4AD}.Release|Any CPU.ActiveCfg = Release|Any CPU
		{9BE54EE5-AAA5-0244-B300-9B9F69F8A4AD}.Release|Any CPU.Build.0 = Release|Any CPU
	EndGlobalSection
	GlobalSection(SolutionProperties) = preSolution
		HideSolutionNode = FALSE
	EndGlobalSection
																																																																																																																																																																																																																				GlobalSection(MonoDevelopProperties) = preSolution
		StartupItem = Assembly-CSharp.csproj
		Policies = $0
		$0.TextStylePolicy = $1
		$1.inheritsSet = null
		$1.scope = text/x-csharp
		$0.CSharpFormattingPolicy = $2
		$2.inheritsSet = Mono
		$2.inheritsScope = text/x-csharp
		$2.scope = text/x-csharp
		$0.TextStylePolicy = $3
		$3.FileWidth = 120
		$3.TabWidth = 4
		$3.IndentWidth = 4
		$3.EolMarker = Unix
		$3.inheritsSet = Mono
		$3.inheritsScope = text/plain
		$3.scope = text/plain
	EndGlobalSection

EndGlobal
